// !$*UTF8*$!
{
	archiveVersion = 1;
	classes = {
	};
	objectVersion = 50;
	objects = {

/* Begin PBXBuildFile section */
		18089F2621E26B8300F4F33B /* PlayingCardView.swift in Sources */ = {isa = PBXBuildFile; fileRef = 18089F2521E26B8300F4F33B /* PlayingCardView.swift */; };
		188E69C021E0FB7D00C520EB /* AppDelegate.swift in Sources */ = {isa = PBXBuildFile; fileRef = 188E69BF21E0FB7D00C520EB /* AppDelegate.swift */; };
		188E69C221E0FB7D00C520EB /* ViewController.swift in Sources */ = {isa = PBXBuildFile; fileRef = 188E69C121E0FB7D00C520EB /* ViewController.swift */; };
		188E69C521E0FB7D00C520EB /* Main.storyboard in Resources */ = {isa = PBXBuildFile; fileRef = 188E69C321E0FB7D00C520EB /* Main.storyboard */; };
		188E69C721E0FB7F00C520EB /* Assets.xcassets in Resources */ = {isa = PBXBuildFile; fileRef = 188E69C621E0FB7F00C520EB /* Assets.xcassets */; };
		188E69CA21E0FB7F00C520EB /* LaunchScreen.storyboard in Resources */ = {isa = PBXBuildFile; fileRef = 188E69C821E0FB7F00C520EB /* LaunchScreen.storyboard */; };
		188E69D521E0FB8000C520EB /* PlayingCardTests.swift in Sources */ = {isa = PBXBuildFile; fileRef = 188E69D421E0FB8000C520EB /* PlayingCardTests.swift */; };
		188E69E021E0FBA000C520EB /* PlayingCard.swift in Sources */ = {isa = PBXBuildFile; fileRef = 188E69DF21E0FBA000C520EB /* PlayingCard.swift */; };
		188E69E221E0FD9700C520EB /* PlayingCardDeck.swift in Sources */ = {isa = PBXBuildFile; fileRef = 188E69E121E0FD9700C520EB /* PlayingCardDeck.swift */; };
/* End PBXBuildFile section */

/* Begin PBXContainerItemProxy section */
		188E69D121E0FB8000C520EB /* PBXContainerItemProxy */ = {
			isa = PBXContainerItemProxy;
			containerPortal = 188E69B421E0FB7D00C520EB /* Project object */;
			proxyType = 1;
			remoteGlobalIDString = 188E69BB21E0FB7D00C520EB;
			remoteInfo = PlayingCard;
		};
/* End PBXContainerItemProxy section */

/* Begin PBXFileReference section */
		18089F2521E26B8300F4F33B /* PlayingCardView.swift */ = {isa = PBXFileReference; lastKnownFileType = sourcecode.swift; path = PlayingCardView.swift; sourceTree = "<group>"; };
		188E69BC21E0FB7D00C520EB /* PlayingCard.app */ = {isa = PBXFileReference; explicitFileType = wrapper.application; includeInIndex = 0; path = PlayingCard.app; sourceTree = BUILT_PRODUCTS_DIR; };
		188E69BF21E0FB7D00C520EB /* AppDelegate.swift */ = {isa = PBXFileReference; lastKnownFileType = sourcecode.swift; path = AppDelegate.swift; sourceTree = "<group>"; };
		188E69C121E0FB7D00C520EB /* ViewController.swift */ = {isa = PBXFileReference; lastKnownFileType = sourcecode.swift; path = ViewController.swift; sourceTree = "<group>"; };
		188E69C421E0FB7D00C520EB /* Base */ = {isa = PBXFileReference; lastKnownFileType = file.storyboard; name = Base; path = Base.lproj/Main.storyboard; sourceTree = "<group>"; };
		188E69C621E0FB7F00C520EB /* Assets.xcassets */ = {isa = PBXFileReference; lastKnownFileType = folder.assetcatalog; path = Assets.xcassets; sourceTree = "<group>"; };
		188E69C921E0FB7F00C520EB /* Base */ = {isa = PBXFileReference; lastKnownFileType = file.storyboard; name = Base; path = Base.lproj/LaunchScreen.storyboard; sourceTree = "<group>"; };
		188E69CB21E0FB7F00C520EB /* Info.plist */ = {isa = PBXFileReference; lastKnownFileType = text.plist.xml; path = Info.plist; sourceTree = "<group>"; };
		188E69D021E0FB8000C520EB /* PlayingCardTests.xctest */ = {isa = PBXFileReference; explicitFileType = wrapper.cfbundle; includeInIndex = 0; path = PlayingCardTests.xctest; sourceTree = BUILT_PRODUCTS_DIR; };
		188E69D421E0FB8000C520EB /* PlayingCardTests.swift */ = {isa = PBXFileReference; lastKnownFileType = sourcecode.swift; path = PlayingCardTests.swift; sourceTree = "<group>"; };
		188E69D621E0FB8000C520EB /* Info.plist */ = {isa = PBXFileReference; lastKnownFileType = text.plist.xml; path = Info.plist; sourceTree = "<group>"; };
		188E69DF21E0FBA000C520EB /* PlayingCard.swift */ = {isa = PBXFileReference; lastKnownFileType = sourcecode.swift; path = PlayingCard.swift; sourceTree = "<group>"; };
		188E69E121E0FD9700C520EB /* PlayingCardDeck.swift */ = {isa = PBXFileReference; lastKnownFileType = sourcecode.swift; path = PlayingCardDeck.swift; sourceTree = "<group>"; };
/* End PBXFileReference section */

/* Begin PBXFrameworksBuildPhase section */
		188E69B921E0FB7D00C520EB /* Frameworks */ = {
			isa = PBXFrameworksBuildPhase;
			buildActionMask = 2147483647;
			files = (
			);
			runOnlyForDeploymentPostprocessing = 0;
		};
		188E69CD21E0FB8000C520EB /* Frameworks */ = {
			isa = PBXFrameworksBuildPhase;
			buildActionMask = 2147483647;
			files = (
			);
			runOnlyForDeploymentPostprocessing = 0;
		};
/* End PBXFrameworksBuildPhase section */

/* Begin PBXGroup section */
		188E69B321E0FB7D00C520EB = {
			isa = PBXGroup;
			children = (
				188E69BE21E0FB7D00C520EB /* PlayingCard */,
				188E69D321E0FB8000C520EB /* PlayingCardTests */,
				188E69BD21E0FB7D00C520EB /* Products */,
			);
			sourceTree = "<group>";
		};
		188E69BD21E0FB7D00C520EB /* Products */ = {
			isa = PBXGroup;
			children = (
				188E69BC21E0FB7D00C520EB /* PlayingCard.app */,
				188E69D021E0FB8000C520EB /* PlayingCardTests.xctest */,
			);
			name = Products;
			sourceTree = "<group>";
		};
		188E69BE21E0FB7D00C520EB /* PlayingCard */ = {
			isa = PBXGroup;
			children = (
				188E69BF21E0FB7D00C520EB /* AppDelegate.swift */,
				188E69C121E0FB7D00C520EB /* ViewController.swift */,
				188E69C321E0FB7D00C520EB /* Main.storyboard */,
				188E69C621E0FB7F00C520EB /* Assets.xcassets */,
				188E69C821E0FB7F00C520EB /* LaunchScreen.storyboard */,
				188E69CB21E0FB7F00C520EB /* Info.plist */,
				188E69DF21E0FBA000C520EB /* PlayingCard.swift */,
				18089F2521E26B8300F4F33B /* PlayingCardView.swift */,
				188E69E121E0FD9700C520EB /* PlayingCardDeck.swift */,
			);
			path = PlayingCard;
			sourceTree = "<group>";
		};
		188E69D321E0FB8000C520EB /* PlayingCardTests */ = {
			isa = PBXGroup;
			children = (
				188E69D421E0FB8000C520EB /* PlayingCardTests.swift */,
				188E69D621E0FB8000C520EB /* Info.plist */,
			);
			path = PlayingCardTests;
			sourceTree = "<group>";
		};
/* End PBXGroup section */

/* Begin PBXNativeTarget section */
		188E69BB21E0FB7D00C520EB /* PlayingCard */ = {
			isa = PBXNativeTarget;
			buildConfigurationList = 188E69D921E0FB8000C520EB /* Build configuration list for PBXNativeTarget "PlayingCard" */;
			buildPhases = (
				188E69B821E0FB7D00C520EB /* Sources */,
				188E69B921E0FB7D00C520EB /* Frameworks */,
				188E69BA21E0FB7D00C520EB /* Resources */,
			);
			buildRules = (
			);
			dependencies = (
			);
			name = PlayingCard;
			productName = PlayingCard;
			productReference = 188E69BC21E0FB7D00C520EB /* PlayingCard.app */;
			productType = "com.apple.product-type.application";
		};
		188E69CF21E0FB8000C520EB /* PlayingCardTests */ = {
			isa = PBXNativeTarget;
			buildConfigurationList = 188E69DC21E0FB8000C520EB /* Build configuration list for PBXNativeTarget "PlayingCardTests" */;
			buildPhases = (
				188E69CC21E0FB8000C520EB /* Sources */,
				188E69CD21E0FB8000C520EB /* Frameworks */,
				188E69CE21E0FB8000C520EB /* Resources */,
			);
			buildRules = (
			);
			dependencies = (
				188E69D221E0FB8000C520EB /* PBXTargetDependency */,
			);
			name = PlayingCardTests;
			productName = PlayingCardTests;
			productReference = 188E69D021E0FB8000C520EB /* PlayingCardTests.xctest */;
			productType = "com.apple.product-type.bundle.unit-test";
		};
/* End PBXNativeTarget section */

/* Begin PBXProject section */
		188E69B421E0FB7D00C520EB /* Project object */ = {
			isa = PBXProject;
			attributes = {
				LastSwiftUpdateCheck = 1010;
				LastUpgradeCheck = 1010;
				ORGANIZATIONNAME = Marcos;
				TargetAttributes = {
					188E69BB21E0FB7D00C520EB = {
						CreatedOnToolsVersion = 10.1;
					};
					188E69CF21E0FB8000C520EB = {
						CreatedOnToolsVersion = 10.1;
						TestTargetID = 188E69BB21E0FB7D00C520EB;
					};
				};
			};
			buildConfigurationList = 188E69B721E0FB7D00C520EB /* Build configuration list for PBXProject "PlayingCard" */;
			compatibilityVersion = "Xcode 9.3";
			developmentRegion = en;
			hasScannedForEncodings = 0;
			knownRegions = (
				en,
				Base,
			);
			mainGroup = 188E69B321E0FB7D00C520EB;
			productRefGroup = 188E69BD21E0FB7D00C520EB /* Products */;
			projectDirPath = "";
			projectRoot = "";
			targets = (
				188E69BB21E0FB7D00C520EB /* PlayingCard */,
				188E69CF21E0FB8000C520EB /* PlayingCardTests */,
			);
		};
/* End PBXProject section */

/* Begin PBXResourcesBuildPhase section */
		188E69BA21E0FB7D00C520EB /* Resources */ = {
			isa = PBXResourcesBuildPhase;
			buildActionMask = 2147483647;
			files = (
				188E69CA21E0FB7F00C520EB /* LaunchScreen.storyboard in Resources */,
				188E69C721E0FB7F00C520EB /* Assets.xcassets in Resources */,
				188E69C521E0FB7D00C520EB /* Main.storyboard in Resources */,
			);
			runOnlyForDeploymentPostprocessing = 0;
		};
		188E69CE21E0FB8000C520EB /* Resources */ = {
			isa = PBXResourcesBuildPhase;
			buildActionMask = 2147483647;
			files = (
			);
			runOnlyForDeploymentPostprocessing = 0;
		};
/* End PBXResourcesBuildPhase section */

/* Begin PBXSourcesBuildPhase section */
		188E69B821E0FB7D00C520EB /* Sources */ = {
			isa = PBXSourcesBuildPhase;
			buildActionMask = 2147483647;
			files = (
				188E69C221E0FB7D00C520EB /* ViewController.swift in Sources */,
				188E69E221E0FD9700C520EB /* PlayingCardDeck.swift in Sources */,
				188E69E021E0FBA000C520EB /* PlayingCard.swift in Sources */,
				18089F2621E26B8300F4F33B /* PlayingCardView.swift in Sources */,
				188E69C021E0FB7D00C520EB /* AppDelegate.swift in Sources */,
			);
			runOnlyForDeploymentPostprocessing = 0;
		};
		188E69CC21E0FB8000C520EB /* Sources */ = {
			isa = PBXSourcesBuildPhase;
			buildActionMask = 2147483647;
			files = (
				188E69D521E0FB8000C520EB /* PlayingCardTests.swift in Sources */,
			);
			runOnlyForDeploymentPostprocessing = 0;
		};
/* End PBXSourcesBuildPhase section */

/* Begin PBXTargetDependency section */
		188E69D221E0FB8000C520EB /* PBXTargetDependency */ = {
			isa = PBXTargetDependency;
			target = 188E69BB21E0FB7D00C520EB /* PlayingCard */;
			targetProxy = 188E69D121E0FB8000C520EB /* PBXContainerItemProxy */;
		};
/* End PBXTargetDependency section */

/* Begin PBXVariantGroup section */
		188E69C321E0FB7D00C520EB /* Main.storyboard */ = {
			isa = PBXVariantGroup;
			children = (
				188E69C421E0FB7D00C520EB /* Base */,
			);
			name = Main.storyboard;
			sourceTree = "<group>";
		};
		188E69C821E0FB7F00C520EB /* LaunchScreen.storyboard */ = {
			isa = PBXVariantGroup;
			children = (
				188E69C921E0FB7F00C520EB /* Base */,
			);
			name = LaunchScreen.storyboard;
			sourceTree = "<group>";
		};
/* End PBXVariantGroup section */

/* Begin XCBuildConfiguration section */
		188E69D721E0FB8000C520EB /* Debug */ = {
			isa = XCBuildConfiguration;
			buildSettings = {
				ALWAYS_SEARCH_USER_PATHS = NO;
				CLANG_ANALYZER_NONNULL = YES;
				CLANG_ANALYZER_NUMBER_OBJECT_CONVERSION = YES_AGGRESSIVE;
				CLANG_CXX_LANGUAGE_STANDARD = "gnu++14";
				CLANG_CXX_LIBRARY = "libc++";
				CLANG_ENABLE_MODULES = YES;
				CLANG_ENABLE_OBJC_ARC = YES;
				CLANG_ENABLE_OBJC_WEAK = YES;
				CLANG_WARN_BLOCK_CAPTURE_AUTORELEASING = YES;
				CLANG_WARN_BOOL_CONVERSION = YES;
				CLANG_WARN_COMMA = YES;
				CLANG_WARN_CONSTANT_CONVERSION = YES;
				CLANG_WARN_DEPRECATED_OBJC_IMPLEMENTATIONS = YES;
				CLANG_WARN_DIRECT_OBJC_ISA_USAGE = YES_ERROR;
				CLANG_WARN_DOCUMENTATION_COMMENTS = YES;
				CLANG_WARN_EMPTY_BODY = YES;
				CLANG_WARN_ENUM_CONVERSION = YES;
				CLANG_WARN_INFINITE_RECURSION = YES;
				CLANG_WARN_INT_CONVERSION = YES;
				CLANG_WARN_NON_LITERAL_NULL_CONVERSION = YES;
				CLANG_WARN_OBJC_IMPLICIT_RETAIN_SELF = YES;
				CLANG_WARN_OBJC_LITERAL_CONVERSION = YES;
				CLANG_WARN_OBJC_ROOT_CLASS = YES_ERROR;
				CLANG_WARN_RANGE_LOOP_ANALYSIS = YES;
				CLANG_WARN_STRICT_PROTOTYPES = YES;
				CLANG_WARN_SUSPICIOUS_MOVE = YES;
				CLANG_WARN_UNGUARDED_AVAILABILITY = YES_AGGRESSIVE;
				CLANG_WARN_UNREACHABLE_CODE = YES;
				CLANG_WARN__DUPLICATE_METHOD_MATCH = YES;
				CODE_SIGN_IDENTITY = "iPhone Developer";
				COPY_PHASE_STRIP = NO;
				DEBUG_INFORMATION_FORMAT = dwarf;
				ENABLE_STRICT_OBJC_MSGSEND = YES;
				ENABLE_TESTABILITY = YES;
				GCC_C_LANGUAGE_STANDARD = gnu11;
				GCC_DYNAMIC_NO_PIC = NO;
				GCC_NO_COMMON_BLOCKS = YES;
				GCC_OPTIMIZATION_LEVEL = 0;
				GCC_PREPROCESSOR_DEFINITIONS = (
					"DEBUG=1",
					"$(inherited)",
				);
				GCC_WARN_64_TO_32_BIT_CONVERSION = YES;
				GCC_WARN_ABOUT_RETURN_TYPE = YES_ERROR;
				GCC_WARN_UNDECLARED_SELECTOR = YES;
				GCC_WARN_UNINITIALIZED_AUTOS = YES_AGGRESSIVE;
				GCC_WARN_UNUSED_FUNCTION = YES;
				GCC_WARN_UNUSED_VARIABLE = YES;
				IPHONEOS_DEPLOYMENT_TARGET = 12.1;
				MTL_ENABLE_DEBUG_INFO = INCLUDE_SOURCE;
				MTL_FAST_MATH = YES;
				ONLY_ACTIVE_ARCH = YES;
				SDKROOT = iphoneos;
				SWIFT_ACTIVE_COMPILATION_CONDITIONS = DEBUG;
				SWIFT_OPTIMIZATION_LEVEL = "-Onone";
			};
			name = Debug;
		};
		188E69D821E0FB8000C520EB /* Release */ = {
			isa = XCBuildConfiguration;
			buildSettings = {
				ALWAYS_SEARCH_USER_PATHS = NO;
				CLANG_ANALYZER_NONNULL = YES;
				CLANG_ANALYZER_NUMBER_OBJECT_CONVERSION = YES_AGGRESSIVE;
				CLANG_CXX_LANGUAGE_STANDARD = "gnu++14";
				CLANG_CXX_LIBRARY = "libc++";
				CLANG_ENABLE_MODULES = YES;
				CLANG_ENABLE_OBJC_ARC = YES;
				CLANG_ENABLE_OBJC_WEAK = YES;
				CLANG_WARN_BLOCK_CAPTURE_AUTORELEASING = YES;
				CLANG_WARN_BOOL_CONVERSION = YES;
				CLANG_WARN_COMMA = YES;
				CLANG_WARN_CONSTANT_CONVERSION = YES;
				CLANG_WARN_DEPRECATED_OBJC_IMPLEMENTATIONS = YES;
				CLANG_WARN_DIRECT_OBJC_ISA_USAGE = YES_ERROR;
				CLANG_WARN_DOCUMENTATION_COMMENTS = YES;
				CLANG_WARN_EMPTY_BODY = YES;
				CLANG_WARN_ENUM_CONVERSION = YES;
				CLANG_WARN_INFINITE_RECURSION = YES;
				CLANG_WARN_INT_CONVERSION = YES;
				CLANG_WARN_NON_LITERAL_NULL_CONVERSION = YES;
				CLANG_WARN_OBJC_IMPLICIT_RETAIN_SELF = YES;
				CLANG_WARN_OBJC_LITERAL_CONVERSION = YES;
				CLANG_WARN_OBJC_ROOT_CLASS = YES_ERROR;
				CLANG_WARN_RANGE_LOOP_ANALYSIS = YES;
				CLANG_WARN_STRICT_PROTOTYPES = YES;
				CLANG_WARN_SUSPICIOUS_MOVE = YES;
				CLANG_WARN_UNGUARDED_AVAILABILITY = YES_AGGRESSIVE;
				CLANG_WARN_UNREACHABLE_CODE = YES;
				CLANG_WARN__DUPLICATE_METHOD_MATCH = YES;
				CODE_SIGN_IDENTITY = "iPhone Developer";
				COPY_PHASE_STRIP = NO;
				DEBUG_INFORMATION_FORMAT = "dwarf-with-dsym";
				ENABLE_NS_ASSERTIONS = NO;
				ENABLE_STRICT_OBJC_MSGSEND = YES;
				GCC_C_LANGUAGE_STANDARD = gnu11;
				GCC_NO_COMMON_BLOCKS = YES;
				GCC_WARN_64_TO_32_BIT_CONVERSION = YES;
				GCC_WARN_ABOUT_RETURN_TYPE = YES_ERROR;
				GCC_WARN_UNDECLARED_SELECTOR = YES;
				GCC_WARN_UNINITIALIZED_AUTOS = YES_AGGRESSIVE;
				GCC_WARN_UNUSED_FUNCTION = YES;
				GCC_WARN_UNUSED_VARIABLE = YES;
				IPHONEOS_DEPLOYMENT_TARGET = 12.1;
				MTL_ENABLE_DEBUG_INFO = NO;
				MTL_FAST_MATH = YES;
				SDKROOT = iphoneos;
				SWIFT_COMPILATION_MODE = wholemodule;
				SWIFT_OPTIMIZATION_LEVEL = "-O";
				VALIDATE_PRODUCT = YES;
			};
			name = Release;
		};
		188E69DA21E0FB8000C520EB /* Debug */ = {
			isa = XCBuildConfiguration;
			buildSettings = {
				ASSETCATALOG_COMPILER_APPICON_NAME = AppIcon;
				CODE_SIGN_STYLE = Automatic;
				DEVELOPMENT_TEAM = V2686JM7D9;
				INFOPLIST_FILE = PlayingCard/Info.plist;
				LD_RUNPATH_SEARCH_PATHS = (
					"$(inherited)",
					"@executable_path/Frameworks",
				);
				PRODUCT_BUNDLE_IDENTIFIER = br.com.mfelipesp.PlayingCard;
				PRODUCT_NAME = "$(TARGET_NAME)";
				SWIFT_VERSION = 4.2;
				TARGETED_DEVICE_FAMILY = "1,2";
			};
			name = Debug;
		};
		188E69DB21E0FB8000C520EB /* Release */ = {
			isa = XCBuildConfiguration;
			buildSettings = {
				ASSETCATALOG_COMPILER_APPICON_NAME = AppIcon;
				CODE_SIGN_STYLE = Automatic;
				DEVELOPMENT_TEAM = V2686JM7D9;
				INFOPLIST_FILE = PlayingCard/Info.plist;
				LD_RUNPATH_SEARCH_PATHS = (
					"$(inherited)",
					"@executable_path/Frameworks",
				);
				PRODUCT_BUNDLE_IDENTIFIER = br.com.mfelipesp.PlayingCard;
				PRODUCT_NAME = "$(TARGET_NAME)";
				SWIFT_VERSION = 4.2;
				TARGETED_DEVICE_FAMILY = "1,2";
			};
			name = Release;
		};
		188E69DD21E0FB8000C520EB /* Debug */ = {
			isa = XCBuildConfiguration;
			buildSettings = {
				ALWAYS_EMBED_SWIFT_STANDARD_LIBRARIES = YES;
				BUNDLE_LOADER = "$(TEST_HOST)";
				CODE_SIGN_STYLE = Automatic;
				DEVELOPMENT_TEAM = V2686JM7D9;
				INFOPLIST_FILE = PlayingCardTests/Info.plist;
				LD_RUNPATH_SEARCH_PATHS = (
					"$(inherited)",
					"@executable_path/Frameworks",
					"@loader_path/Frameworks",
				);
				PRODUCT_BUNDLE_IDENTIFIER = br.com.mfelipesp.PlayingCardTests;
				PRODUCT_NAME = "$(TARGET_NAME)";
				SWIFT_VERSION = 4.2;
				TARGETED_DEVICE_FAMILY = "1,2";
				TEST_HOST = "$(BUILT_PRODUCTS_DIR)/PlayingCard.app/PlayingCard";
			};
			name = Debug;
		};
		188E69DE21E0FB8000C520EB /* Release */ = {
			isa = XCBuildConfiguration;
			buildSettings = {
				ALWAYS_EMBED_SWIFT_STANDARD_LIBRARIES = YES;
				BUNDLE_LOADER = "$(TEST_HOST)";
				CODE_SIGN_STYLE = Automatic;
				DEVELOPMENT_TEAM = V2686JM7D9;
				INFOPLIST_FILE = PlayingCardTests/Info.plist;
				LD_RUNPATH_SEARCH_PATHS = (
					"$(inherited)",
					"@executable_path/Frameworks",
					"@loader_path/Frameworks",
				);
				PRODUCT_BUNDLE_IDENTIFIER = br.com.mfelipesp.PlayingCardTests;
				PRODUCT_NAME = "$(TARGET_NAME)";
				SWIFT_VERSION = 4.2;
				TARGETED_DEVICE_FAMILY = "1,2";
				TEST_HOST = "$(BUILT_PRODUCTS_DIR)/PlayingCard.app/PlayingCard";
			};
			name = Release;
		};
/* End XCBuildConfiguration section */

/* Begin XCConfigurationList section */
		188E69B721E0FB7D00C520EB /* Build configuration list for PBXProject "PlayingCard" */ = {
			isa = XCConfigurationList;
			buildConfigurations = (
				188E69D721E0FB8000C520EB /* Debug */,
				188E69D821E0FB8000C520EB /* Release */,
			);
			defaultConfigurationIsVisible = 0;
			defaultConfigurationName = Release;
		};
		188E69D921E0FB8000C520EB /* Build configuration list for PBXNativeTarget "PlayingCard" */ = {
			isa = XCConfigurationList;
			buildConfigurations = (
				188E69DA21E0FB8000C520EB /* Debug */,
				188E69DB21E0FB8000C520EB /* Release */,
			);
			defaultConfigurationIsVisible = 0;
			defaultConfigurationName = Release;
		};
		188E69DC21E0FB8000C520EB /* Build configuration list for PBXNativeTarget "PlayingCardTests" */ = {
			isa = XCConfigurationList;
			buildConfigurations = (
				188E69DD21E0FB8000C520EB /* Debug */,
				188E69DE21E0FB8000C520EB /* Release */,
			);
			defaultConfigurationIsVisible = 0;
			defaultConfigurationName = Release;
		};
/* End XCConfigurationList section */
	};
	rootObject = 188E69B421E0FB7D00C520EB /* Project object */;
}
